
Microsoft Visual Studio Solution File, Format Version 12.00
# Visual Studio Version 17
VisualStudioVersion = 17.8.34330.188
MinimumVisualStudioVersion = 10.0.40219.1
Project("{FAE04EC0-301F-11D3-BF4B-00C04F79EFBC}") = "ClientCode", "ClientCode\ClientCode.csproj", "{0F4D9B13-C806-4CC3-B0A7-CA5AF2AE5806}"
EndProject
Project("{FAE04EC0-301F-11D3-BF4B-00C04F79EFBC}") = "Nuget.JobLogicSDK", "Nuget.JobLogicSDK\Nuget.JobLogicSDK.csproj", "{805DA27E-E24F-4887-8A3F-A69E8C2E4336}"
EndProject
Global
	GlobalSection(SolutionConfigurationPlatforms) = preSolution
		Debug|Any CPU = Debug|Any CPU
		Release|Any CPU = Release|Any CPU
	EndGlobalSection
	GlobalSection(ProjectConfigurationPlatforms) = postSolution
		{0F4D9B13-C806-4CC3-B0A7-CA5AF2AE5806}.Debug|Any CPU.ActiveCfg = Debug|Any CPU
		{0F4D9B13-C806-4CC3-B0A7-CA5AF2AE5806}.Debug|Any CPU.Build.0 = Debug|Any CPU
		{0F4D9B13-C806-4CC3-B0A7-CA5AF2AE5806}.Release|Any CPU.ActiveCfg = Release|Any CPU
		{0F4D9B13-C806-4CC3-B0A7-CA5AF2AE5806}.Release|Any CPU.Build.0 = Release|Any CPU
		{805DA27E-E24F-4887-8A3F-A69E8C2E4336}.Debug|Any CPU.ActiveCfg = Debug|Any CPU
		{805DA27E-E24F-4887-8A3F-A69E8C2E4336}.Debug|Any CPU.Build.0 = Debug|Any CPU
		{805DA27E-E24F-4887-8A3F-A69E8C2E4336}.Release|Any CPU.ActiveCfg = Release|Any CPU
		{805DA27E-E24F-4887-8A3F-A69E8C2E4336}.Release|Any CPU.Build.0 = Release|Any CPU
	EndGlobalSection
	GlobalSection(SolutionProperties) = preSolution
		HideSolutionNode = FALSE
	EndGlobalSection
	GlobalSection(ExtensibilityGlobals) = postSolution
		SolutionGuid = {0A449198-7FE1-40C2-AF47-51810D1064C0}
	EndGlobalSection
EndGlobal
